--- 
dependencies: 
  rake: 
    group: 
    - :development
    version: ">= 0"
  url_mount: 
    group: 
    - :default
    version: ">= 0.2.1"
  rspec: 
    group: 
    - :development
    version: ">= 0"
  rack: 
    group: 
    - :default
    version: ">= 1.0"
  sinatra: 
    group: 
    - :development
    version: ">= 0"
  rbench: 
    group: 
    - :development
    version: ">= 0"
specs: 
- rake: 
    version: 0.8.7
- rack: 
    version: 1.2.1
- rbench: 
    version: 0.2.3
- rspec: 
    version: 1.3.0
- sinatra: 
    version: "1.0"
- url_mount: 
    version: 0.2.1
hash: 31358295b6fc19c69280f917c4fa3db0d1a7d48d
sources: 
- Rubygems: 
    uri: http://gemcutter.org
